PODS:
  - boost-for-react-native (1.63.0)
  - Braintree (4.19.0):
    - Braintree/Card (= 4.19.0)
    - Braintree/Core (= 4.19.0)
    - Braintree/PayPal (= 4.19.0)
    - Braintree/UI (= 4.19.0)
  - Braintree/Card (4.19.0):
    - Braintree/Core
  - Braintree/Core (4.19.0)
  - Braintree/PayPal (4.19.0):
    - Braintree/Core
    - Braintree/PayPalOneTouch
  - Braintree/PayPalDataCollector (4.19.0):
    - Braintree/Core
    - Braintree/PayPalUtils
  - Braintree/PayPalOneTouch (4.19.0):
    - Braintree/Core
    - Braintree/PayPalDataCollector
    - Braintree/PayPalUtils
  - Braintree/PayPalUtils (4.19.0)
  - Braintree/UI (4.19.0):
    - Braintree/Card
    - Braintree/Core
  - DoubleConversion (1.1.5)
  - Folly (2018.10.22.00):
    - boost-for-react-native
    - DoubleConversion
    - glog
  - glog (0.3.4)
  - Permission-Camera (2.0.9):
    - RNPermissions
  - React (0.59.9):
    - React/Core (= 0.59.9)
  - react-native-camera (2.11.2):
    - React
    - react-native-camera/RCT (= 2.11.2)
    - react-native-camera/RN (= 2.11.2)
  - react-native-camera/RCT (2.11.2):
    - React
  - react-native-camera/RN (2.11.2):
    - React
  - react-native-simple-toast (1.0.0):
    - React
    - Toast (~> 4.0.0)
  - React/Core (0.59.9):
    - yoga (= 0.59.9.React)
  - React/CxxBridge (0.59.9):
    - Folly (= 2018.10.22.00)
    - React/Core
    - React/cxxreact
    - React/jsiexecutor
  - React/cxxreact (0.59.9):
    - boost-for-react-native (= 1.63.0)
    - DoubleConversion
    - Folly (= 2018.10.22.00)
    - glog
    - React/jsinspector
  - React/DevSupport (0.59.9):
    - React/Core
    - React/RCTWebSocket
  - React/fishhook (0.59.9)
  - React/jsi (0.59.9):
    - DoubleConversion
    - Folly (= 2018.10.22.00)
    - glog
  - React/jsiexecutor (0.59.9):
    - DoubleConversion
    - Folly (= 2018.10.22.00)
    - glog
    - React/cxxreact
    - React/jsi
  - React/jsinspector (0.59.9)
  - React/RCTActionSheet (0.59.9):
    - React/Core
  - React/RCTAnimation (0.59.9):
    - React/Core
  - React/RCTBlob (0.59.9):
    - React/Core
  - React/RCTGeolocation (0.59.9):
    - React/Core
  - React/RCTImage (0.59.9):
    - React/Core
    - React/RCTNetwork
  - React/RCTLinkingIOS (0.59.9):
    - React/Core
  - React/RCTNetwork (0.59.9):
    - React/Core
  - React/RCTSettings (0.59.9):
    - React/Core
  - React/RCTText (0.59.9):
    - React/Core
  - React/RCTVibration (0.59.9):
    - React/Core
  - React/RCTWebSocket (0.59.9):
    - React/Core
    - React/fishhook
    - React/RCTBlob
  - RNCAsyncStorage (1.8.1):
    - React
  - RNPermissions (2.0.9):
    - React
  - Stripe (14.0.0)
  - tipsi-stripe (7.5.1):
    - React
    - Stripe (~> 14.0.0)
  - Toast (4.0.0)
  - yoga (0.59.9.React)

DEPENDENCIES:
  - Braintree (~> 4.19.0)
  - Folly (from `../node_modules/react-native/third-party-podspecs/Folly.podspec`)
  - Permission-Camera (from `../node_modules/react-native-permissions/ios/Camera.podspec`)
  - react-native-camera (from `../node_modules/react-native-camera`)
  - react-native-simple-toast (from `../node_modules/react-native-simple-toast`)
  - React/Core (from `../node_modules/react-native`)
  - React/CxxBridge (from `../node_modules/react-native`)
  - React/DevSupport (from `../node_modules/react-native`)
  - React/RCTActionSheet (from `../node_modules/react-native`)
  - React/RCTAnimation (from `../node_modules/react-native`)
  - React/RCTGeolocation (from `../node_modules/react-native`)
  - React/RCTImage (from `../node_modules/react-native`)
  - React/RCTLinkingIOS (from `../node_modules/react-native`)
  - React/RCTNetwork (from `../node_modules/react-native`)
  - React/RCTSettings (from `../node_modules/react-native`)
  - React/RCTText (from `../node_modules/react-native`)
  - React/RCTVibration (from `../node_modules/react-native`)
  - React/RCTWebSocket (from `../node_modules/react-native`)
  - "RNCAsyncStorage (from `../node_modules/@react-native-community/async-storage`)"
  - RNPermissions (from `../node_modules/react-native-permissions`)
  - Stripe (~> 14.0.0)
  - tipsi-stripe (from `../node_modules/tipsi-stripe`)
  - yoga (from `../node_modules/react-native/ReactCommon/yoga/yoga.podspec`)

SPEC REPOS:
  trunk:
    - boost-for-react-native
    - Braintree
    - DoubleConversion
    - glog
    - Stripe
    - Toast

EXTERNAL SOURCES:
  Folly:
    :podspec: "../node_modules/react-native/third-party-podspecs/Folly.podspec"
  Permission-Camera:
    :path: "../node_modules/react-native-permissions/ios/Camera.podspec"
  React:
    :path: "../node_modules/react-native"
  react-native-camera:
    :path: "../node_modules/react-native-camera"
  react-native-simple-toast:
    :path: "../node_modules/react-native-simple-toast"
  RNCAsyncStorage:
    :path: "../node_modules/@react-native-community/async-storage"
  RNPermissions:
    :path: "../node_modules/react-native-permissions"
  tipsi-stripe:
    :path: "../node_modules/tipsi-stripe"
  yoga:
    :path: "../node_modules/react-native/ReactCommon/yoga/yoga.podspec"

SPEC CHECKSUMS:
  boost-for-react-native: 39c7adb57c4e60d6c5479dd8623128eb5b3f0f2c
  Braintree: 2982ea66c6ef4a22116a9f52210d54e3a9ae74b7
  DoubleConversion: e22e0762848812a87afd67ffda3998d9ef29170c
  Folly: de497beb10f102453a1afa9edbf8cf8a251890de
  glog: 1de0bb937dccdc981596d3b5825ebfb765017ded
  Permission-Camera: 8fe4753b02396489b11c5089e4f57bab7fe1ef42
  React: a86b92f00edbe1873a63e4a212c29b7a7ad5224f
  react-native-camera: b5e6e34586ca6f588b0c736dcabfe0aad5ce2f3e
  react-native-simple-toast: 6c376bd79b1e255a4bee90a72ead6447f96ea10d
  RNCAsyncStorage: e0dd7c8a36543b4ef84969acd9f8aceba3a92dc2
  RNPermissions: 2f74237e97b08beda01e914301e12524ddddf5b8
  Stripe: db29ad197c74aca6fb981e4e8355cf7ebd0fca5a
  tipsi-stripe: 61c247493a58d7e8e0bf6ee6b014271f473d2b11
  Toast: 91b396c56ee72a5790816f40d3a94dd357abc196
  yoga: 03ff42a6f223fb88deeaed60249020d80c3091ee

PODFILE CHECKSUM: c3e412eb9b4aa68b4ad3a54f2d269bdfabdd3dc0

COCOAPODS: 1.8.4
